
Microsoft Visual Studio Solution File, Format Version 12.00
# Visual Studio Version 16
VisualStudioVersion = 16.0.29519.87
MinimumVisualStudioVersion = 10.0.40219.1
Project("{FAE04EC0-301F-11D3-BF4B-00C04F79EFBC}") = "Wpf.CopyProject.WindowsCalculator", "Wpf.CopyProject.WindowsCalculator.csproj", "{1A8EED43-6CA1-4526-894E-E17D80305BA0}"
EndProject
Global
	GlobalSection(SolutionConfigurationPlatforms) = preSolution
		Debug|Any CPU = Debug|Any CPU
		Release|Any CPU = Release|Any CPU
	EndGlobalSection
	GlobalSection(ProjectConfigurationPlatforms) = postSolution
		{1A8EED43-6CA1-4526-894E-E17D80305BA0}.Debug|Any CPU.ActiveCfg = Debug|Any CPU
		{1A8EED43-6CA1-4526-894E-E17D80305BA0}.Debug|Any CPU.Build.0 = Debug|Any CPU
		{1A8EED43-6CA1-4526-894E-E17D80305BA0}.Release|Any CPU.ActiveCfg = Release|Any CPU
		{1A8EED43-6CA1-4526-894E-E17D80305BA0}.Release|Any CPU.Build.0 = Release|Any CPU
	EndGlobalSection
	GlobalSection(SolutionProperties) = preSolution
		HideSolutionNode = FALSE
	EndGlobalSection
	GlobalSection(ExtensibilityGlobals) = postSolution
		SolutionGuid = {1B6710A6-E67E-4033-BC65-34661D943780}
	EndGlobalSection
EndGlobal
